
Microsoft Visual Studio Solution File, Format Version 12.00
Project("{FAE04EC0-301F-11D3-BF4B-00C04F79EFBC}") = "AuthService", "AuthService\AuthService.csproj", "{0D7EDA4D-5313-42F6-9D55-41C8249102CD}"
EndProject
Global
	GlobalSection(SolutionConfigurationPlatforms) = preSolution
		Debug|Any CPU = Debug|Any CPU
		Release|Any CPU = Release|Any CPU
	EndGlobalSection
	GlobalSection(ProjectConfigurationPlatforms) = postSolution
		{0D7EDA4D-5313-42F6-9D55-41C8249102CD}.Debug|Any CPU.ActiveCfg = Debug|Any CPU
		{0D7EDA4D-5313-42F6-9D55-41C8249102CD}.Debug|Any CPU.Build.0 = Debug|Any CPU
		{0D7EDA4D-5313-42F6-9D55-41C8249102CD}.Release|Any CPU.ActiveCfg = Release|Any CPU
		{0D7EDA4D-5313-42F6-9D55-41C8249102CD}.Release|Any CPU.Build.0 = Release|Any CPU
	EndGlobalSection
EndGlobal
