
Microsoft Visual Studio Solution File, Format Version 12.00
Project("{FAE04EC0-301F-11D3-BF4B-00C04F79EFBC}") = "AuthService", "AuthService\AuthService.csproj", "{0D7EDA4D-5313-42F6-9D55-41C8249102CD}"
EndProject
Project("{2150E333-8FDC-42A3-9474-1A3956D46DE8}") = "Solution Items", "Solution Items", "{AC9C44F3-2D3B-44C3-AD56-CD09B0C46085}"
	ProjectSection(SolutionItems) = preProject
		docker-compose.yml = docker-compose.yml
	EndProjectSection
EndProject
Project("{FAE04EC0-301F-11D3-BF4B-00C04F79EFBC}") = "ProfileService", "ProfileService\ProfileService.csproj", "{6DA60EB0-B701-4A52-BB83-0C4821CD7A6E}"
EndProject
Project("{FAE04EC0-301F-11D3-BF4B-00C04F79EFBC}") = "SearchService", "SearchService\SearchService.csproj", "{FCABD5A0-6F8E-4E41-B98E-3D4427FBFA33}"
EndProject
Project("{FAE04EC0-301F-11D3-BF4B-00C04F79EFBC}") = "ChatService", "ChatService\ChatService.csproj", "{773E54B6-5730-46B6-A6A9-B2EF3E1DEE5D}"
EndProject
Project("{FAE04EC0-301F-11D3-BF4B-00C04F79EFBC}") = "MessageService", "MessageService\MessageService.csproj", "{AC82F45B-146F-4799-A63D-BF7ED5802905}"
EndProject
Project("{FAE04EC0-301F-11D3-BF4B-00C04F79EFBC}") = "MediaService", "MediaService\MediaService.csproj", "{0C7423AE-0D9E-45D8-8D7F-160E42EDD047}"
EndProject
Project("{FAE04EC0-301F-11D3-BF4B-00C04F79EFBC}") = "WebSocketService", "WebSocketService\WebSocketService.csproj", "{5F6353F3-F0CE-4297-85D7-AFB45370C9C3}"
EndProject
Project("{FAE04EC0-301F-11D3-BF4B-00C04F79EFBC}") = "WsLoadBalancer", "WsLoadBalancer\WsLoadBalancer.csproj", "{7B2338F3-0C64-4F2C-8299-529BB23EA726}"
EndProject
Global
	GlobalSection(SolutionConfigurationPlatforms) = preSolution
		Debug|Any CPU = Debug|Any CPU
		Release|Any CPU = Release|Any CPU
	EndGlobalSection
	GlobalSection(ProjectConfigurationPlatforms) = postSolution
		{0D7EDA4D-5313-42F6-9D55-41C8249102CD}.Debug|Any CPU.ActiveCfg = Debug|Any CPU
		{0D7EDA4D-5313-42F6-9D55-41C8249102CD}.Debug|Any CPU.Build.0 = Debug|Any CPU
		{0D7EDA4D-5313-42F6-9D55-41C8249102CD}.Release|Any CPU.ActiveCfg = Release|Any CPU
		{0D7EDA4D-5313-42F6-9D55-41C8249102CD}.Release|Any CPU.Build.0 = Release|Any CPU
		{6DA60EB0-B701-4A52-BB83-0C4821CD7A6E}.Debug|Any CPU.ActiveCfg = Debug|Any CPU
		{6DA60EB0-B701-4A52-BB83-0C4821CD7A6E}.Debug|Any CPU.Build.0 = Debug|Any CPU
		{6DA60EB0-B701-4A52-BB83-0C4821CD7A6E}.Release|Any CPU.ActiveCfg = Release|Any CPU
		{6DA60EB0-B701-4A52-BB83-0C4821CD7A6E}.Release|Any CPU.Build.0 = Release|Any CPU
		{FCABD5A0-6F8E-4E41-B98E-3D4427FBFA33}.Debug|Any CPU.ActiveCfg = Debug|Any CPU
		{FCABD5A0-6F8E-4E41-B98E-3D4427FBFA33}.Debug|Any CPU.Build.0 = Debug|Any CPU
		{FCABD5A0-6F8E-4E41-B98E-3D4427FBFA33}.Release|Any CPU.ActiveCfg = Release|Any CPU
		{FCABD5A0-6F8E-4E41-B98E-3D4427FBFA33}.Release|Any CPU.Build.0 = Release|Any CPU
		{773E54B6-5730-46B6-A6A9-B2EF3E1DEE5D}.Debug|Any CPU.ActiveCfg = Debug|Any CPU
		{773E54B6-5730-46B6-A6A9-B2EF3E1DEE5D}.Debug|Any CPU.Build.0 = Debug|Any CPU
		{773E54B6-5730-46B6-A6A9-B2EF3E1DEE5D}.Release|Any CPU.ActiveCfg = Release|Any CPU
		{773E54B6-5730-46B6-A6A9-B2EF3E1DEE5D}.Release|Any CPU.Build.0 = Release|Any CPU
		{AC82F45B-146F-4799-A63D-BF7ED5802905}.Debug|Any CPU.ActiveCfg = Debug|Any CPU
		{AC82F45B-146F-4799-A63D-BF7ED5802905}.Debug|Any CPU.Build.0 = Debug|Any CPU
		{AC82F45B-146F-4799-A63D-BF7ED5802905}.Release|Any CPU.ActiveCfg = Release|Any CPU
		{AC82F45B-146F-4799-A63D-BF7ED5802905}.Release|Any CPU.Build.0 = Release|Any CPU
		{0C7423AE-0D9E-45D8-8D7F-160E42EDD047}.Debug|Any CPU.ActiveCfg = Debug|Any CPU
		{0C7423AE-0D9E-45D8-8D7F-160E42EDD047}.Debug|Any CPU.Build.0 = Debug|Any CPU
		{0C7423AE-0D9E-45D8-8D7F-160E42EDD047}.Release|Any CPU.ActiveCfg = Release|Any CPU
		{0C7423AE-0D9E-45D8-8D7F-160E42EDD047}.Release|Any CPU.Build.0 = Release|Any CPU
		{5F6353F3-F0CE-4297-85D7-AFB45370C9C3}.Debug|Any CPU.ActiveCfg = Debug|Any CPU
		{5F6353F3-F0CE-4297-85D7-AFB45370C9C3}.Debug|Any CPU.Build.0 = Debug|Any CPU
		{5F6353F3-F0CE-4297-85D7-AFB45370C9C3}.Release|Any CPU.ActiveCfg = Release|Any CPU
		{5F6353F3-F0CE-4297-85D7-AFB45370C9C3}.Release|Any CPU.Build.0 = Release|Any CPU
		{7B2338F3-0C64-4F2C-8299-529BB23EA726}.Debug|Any CPU.ActiveCfg = Debug|Any CPU
		{7B2338F3-0C64-4F2C-8299-529BB23EA726}.Debug|Any CPU.Build.0 = Debug|Any CPU
		{7B2338F3-0C64-4F2C-8299-529BB23EA726}.Release|Any CPU.ActiveCfg = Release|Any CPU
		{7B2338F3-0C64-4F2C-8299-529BB23EA726}.Release|Any CPU.Build.0 = Release|Any CPU
	EndGlobalSection
EndGlobal
